
Microsoft Visual Studio Solution File, Format Version 12.00
# Visual Studio Version 17
VisualStudioVersion = 17.11.35208.52
MinimumVisualStudioVersion = 10.0.40219.1
Project("{FAE04EC0-301F-11D3-BF4B-00C04F79EFBC}") = "Aufgabe 1", "Aufgabe 1\Aufgabe 1.csproj", "{A0A286F1-DD61-4E06-B969-1B8B9B597FAC}"
EndProject
Project("{FAE04EC0-301F-11D3-BF4B-00C04F79EFBC}") = "Hello World", "Hello World\Hello World.csproj", "{F01DE0C6-3B4E-4B96-B4D3-FF3E9121E2A5}"
EndProject
Project("{FAE04EC0-301F-11D3-BF4B-00C04F79EFBC}") = "Aufgabe 2", "Aufgabe 2\Aufgabe 2.csproj", "{83DC8AB0-0A38-49ED-BCBD-5C8B3C190BBB}"
EndProject
Project("{FAE04EC0-301F-11D3-BF4B-00C04F79EFBC}") = "Aufgabe 3", "Aufgabe 3\Aufgabe 3.csproj", "{77EAB35A-8D19-40BD-A641-0C61D94E2BC2}"
EndProject
Project("{FAE04EC0-301F-11D3-BF4B-00C04F79EFBC}") = "Aufgabe 4", "Aufgabe 4\Aufgabe 4.csproj", "{BFE5E80E-CF4E-4FC0-8ADF-917FA0AB72EB}"
EndProject
Project("{FAE04EC0-301F-11D3-BF4B-00C04F79EFBC}") = "Aufgabe 5", "Aufgabe 5\Aufgabe 5.csproj", "{57BA7D9D-9645-492B-AE4C-FFD453FA6488}"
EndProject
Project("{FAE04EC0-301F-11D3-BF4B-00C04F79EFBC}") = "Aufgabe 6", "Aufgabe 6\Aufgabe 6.csproj", "{F094C0AA-F08D-4E8E-884D-7CB4264697F9}"
EndProject
Project("{FAE04EC0-301F-11D3-BF4B-00C04F79EFBC}") = "Aufgabe 7", "Aufgabe 7\Aufgabe 7.csproj", "{8955231D-1998-495D-899D-239A91FFFEA0}"
EndProject
Project("{FAE04EC0-301F-11D3-BF4B-00C04F79EFBC}") = "Aufgabe 8", "Aufgabe 8\Aufgabe 8.csproj", "{DC35B2E1-BEFD-42B0-8923-145883C092EC}"
EndProject
Project("{FAE04EC0-301F-11D3-BF4B-00C04F79EFBC}") = "Aufgabe 9", "Aufgabe 9\Aufgabe 9.csproj", "{279691C2-9DB2-48B2-9D7E-28DDE96E447B}"
EndProject
Project("{FAE04EC0-301F-11D3-BF4B-00C04F79EFBC}") = "Aufgabe 10", "Aufgabe 10\Aufgabe 10.csproj", "{EC9FB0CF-FF67-4E20-B944-478BBB038CE0}"
EndProject
Project("{FAE04EC0-301F-11D3-BF4B-00C04F79EFBC}") = "Aufgabe_11", "Aufgabe_11\Aufgabe_11.csproj", "{492A9B4A-CD91-47B9-ACDF-78D871D75861}"
EndProject
Project("{FAE04EC0-301F-11D3-BF4B-00C04F79EFBC}") = "Aufgabe-12", "Aufgabe-12\Aufgabe-12.csproj", "{222DAC79-15EA-4DFF-8CE0-C752FACFB499}"
EndProject
Project("{FAE04EC0-301F-11D3-BF4B-00C04F79EFBC}") = "Aufgabe 13", "Aufgabe 13\Aufgabe 13.csproj", "{34B05ABD-71BE-401B-8037-E549D55F8BAC}"
EndProject
Project("{FAE04EC0-301F-11D3-BF4B-00C04F79EFBC}") = "Aufgabe 14", "Aufgabe 14\Aufgabe 14.csproj", "{81BEAAE3-D585-4190-BBDD-D0E194D16648}"
EndProject
Project("{FAE04EC0-301F-11D3-BF4B-00C04F79EFBC}") = "Aufgabe 15", "Aufgabe 15\Aufgabe 15.csproj", "{876BEF10-4C48-4AFE-A266-BD8B653CF8EF}"
EndProject
Global
	GlobalSection(SolutionConfigurationPlatforms) = preSolution
		Debug|Any CPU = Debug|Any CPU
		Release|Any CPU = Release|Any CPU
	EndGlobalSection
	GlobalSection(ProjectConfigurationPlatforms) = postSolution
		{A0A286F1-DD61-4E06-B969-1B8B9B597FAC}.Debug|Any CPU.ActiveCfg = Debug|Any CPU
		{A0A286F1-DD61-4E06-B969-1B8B9B597FAC}.Debug|Any CPU.Build.0 = Debug|Any CPU
		{A0A286F1-DD61-4E06-B969-1B8B9B597FAC}.Release|Any CPU.ActiveCfg = Release|Any CPU
		{A0A286F1-DD61-4E06-B969-1B8B9B597FAC}.Release|Any CPU.Build.0 = Release|Any CPU
		{F01DE0C6-3B4E-4B96-B4D3-FF3E9121E2A5}.Debug|Any CPU.ActiveCfg = Debug|Any CPU
		{F01DE0C6-3B4E-4B96-B4D3-FF3E9121E2A5}.Debug|Any CPU.Build.0 = Debug|Any CPU
		{F01DE0C6-3B4E-4B96-B4D3-FF3E9121E2A5}.Release|Any CPU.ActiveCfg = Release|Any CPU
		{F01DE0C6-3B4E-4B96-B4D3-FF3E9121E2A5}.Release|Any CPU.Build.0 = Release|Any CPU
		{83DC8AB0-0A38-49ED-BCBD-5C8B3C190BBB}.Debug|Any CPU.ActiveCfg = Debug|Any CPU
		{83DC8AB0-0A38-49ED-BCBD-5C8B3C190BBB}.Debug|Any CPU.Build.0 = Debug|Any CPU
		{83DC8AB0-0A38-49ED-BCBD-5C8B3C190BBB}.Release|Any CPU.ActiveCfg = Release|Any CPU
		{83DC8AB0-0A38-49ED-BCBD-5C8B3C190BBB}.Release|Any CPU.Build.0 = Release|Any CPU
		{77EAB35A-8D19-40BD-A641-0C61D94E2BC2}.Debug|Any CPU.ActiveCfg = Debug|Any CPU
		{77EAB35A-8D19-40BD-A641-0C61D94E2BC2}.Debug|Any CPU.Build.0 = Debug|Any CPU
		{77EAB35A-8D19-40BD-A641-0C61D94E2BC2}.Release|Any CPU.ActiveCfg = Release|Any CPU
		{77EAB35A-8D19-40BD-A641-0C61D94E2BC2}.Release|Any CPU.Build.0 = Release|Any CPU
		{BFE5E80E-CF4E-4FC0-8ADF-917FA0AB72EB}.Debug|Any CPU.ActiveCfg = Debug|Any CPU
		{BFE5E80E-CF4E-4FC0-8ADF-917FA0AB72EB}.Debug|Any CPU.Build.0 = Debug|Any CPU
		{BFE5E80E-CF4E-4FC0-8ADF-917FA0AB72EB}.Release|Any CPU.ActiveCfg = Release|Any CPU
		{BFE5E80E-CF4E-4FC0-8ADF-917FA0AB72EB}.Release|Any CPU.Build.0 = Release|Any CPU
		{57BA7D9D-9645-492B-AE4C-FFD453FA6488}.Debug|Any CPU.ActiveCfg = Debug|Any CPU
		{57BA7D9D-9645-492B-AE4C-FFD453FA6488}.Debug|Any CPU.Build.0 = Debug|Any CPU
		{57BA7D9D-9645-492B-AE4C-FFD453FA6488}.Release|Any CPU.ActiveCfg = Release|Any CPU
		{57BA7D9D-9645-492B-AE4C-FFD453FA6488}.Release|Any CPU.Build.0 = Release|Any CPU
		{F094C0AA-F08D-4E8E-884D-7CB4264697F9}.Debug|Any CPU.ActiveCfg = Debug|Any CPU
		{F094C0AA-F08D-4E8E-884D-7CB4264697F9}.Debug|Any CPU.Build.0 = Debug|Any CPU
		{F094C0AA-F08D-4E8E-884D-7CB4264697F9}.Release|Any CPU.ActiveCfg = Release|Any CPU
		{F094C0AA-F08D-4E8E-884D-7CB4264697F9}.Release|Any CPU.Build.0 = Release|Any CPU
		{8955231D-1998-495D-899D-239A91FFFEA0}.Debug|Any CPU.ActiveCfg = Debug|Any CPU
		{8955231D-1998-495D-899D-239A91FFFEA0}.Debug|Any CPU.Build.0 = Debug|Any CPU
		{8955231D-1998-495D-899D-239A91FFFEA0}.Release|Any CPU.ActiveCfg = Release|Any CPU
		{8955231D-1998-495D-899D-239A91FFFEA0}.Release|Any CPU.Build.0 = Release|Any CPU
		{DC35B2E1-BEFD-42B0-8923-145883C092EC}.Debug|Any CPU.ActiveCfg = Debug|Any CPU
		{DC35B2E1-BEFD-42B0-8923-145883C092EC}.Debug|Any CPU.Build.0 = Debug|Any CPU
		{DC35B2E1-BEFD-42B0-8923-145883C092EC}.Release|Any CPU.ActiveCfg = Release|Any CPU
		{DC35B2E1-BEFD-42B0-8923-145883C092EC}.Release|Any CPU.Build.0 = Release|Any CPU
		{279691C2-9DB2-48B2-9D7E-28DDE96E447B}.Debug|Any CPU.ActiveCfg = Debug|Any CPU
		{279691C2-9DB2-48B2-9D7E-28DDE96E447B}.Debug|Any CPU.Build.0 = Debug|Any CPU
		{279691C2-9DB2-48B2-9D7E-28DDE96E447B}.Release|Any CPU.ActiveCfg = Release|Any CPU
		{279691C2-9DB2-48B2-9D7E-28DDE96E447B}.Release|Any CPU.Build.0 = Release|Any CPU
		{EC9FB0CF-FF67-4E20-B944-478BBB038CE0}.Debug|Any CPU.ActiveCfg = Debug|Any CPU
		{EC9FB0CF-FF67-4E20-B944-478BBB038CE0}.Debug|Any CPU.Build.0 = Debug|Any CPU
		{EC9FB0CF-FF67-4E20-B944-478BBB038CE0}.Release|Any CPU.ActiveCfg = Release|Any CPU
		{EC9FB0CF-FF67-4E20-B944-478BBB038CE0}.Release|Any CPU.Build.0 = Release|Any CPU
		{492A9B4A-CD91-47B9-ACDF-78D871D75861}.Debug|Any CPU.ActiveCfg = Debug|Any CPU
		{492A9B4A-CD91-47B9-ACDF-78D871D75861}.Debug|Any CPU.Build.0 = Debug|Any CPU
		{492A9B4A-CD91-47B9-ACDF-78D871D75861}.Release|Any CPU.ActiveCfg = Release|Any CPU
		{492A9B4A-CD91-47B9-ACDF-78D871D75861}.Release|Any CPU.Build.0 = Release|Any CPU
		{222DAC79-15EA-4DFF-8CE0-C752FACFB499}.Debug|Any CPU.ActiveCfg = Debug|Any CPU
		{222DAC79-15EA-4DFF-8CE0-C752FACFB499}.Debug|Any CPU.Build.0 = Debug|Any CPU
		{222DAC79-15EA-4DFF-8CE0-C752FACFB499}.Release|Any CPU.ActiveCfg = Release|Any CPU
		{222DAC79-15EA-4DFF-8CE0-C752FACFB499}.Release|Any CPU.Build.0 = Release|Any CPU
		{34B05ABD-71BE-401B-8037-E549D55F8BAC}.Debug|Any CPU.ActiveCfg = Debug|Any CPU
		{34B05ABD-71BE-401B-8037-E549D55F8BAC}.Debug|Any CPU.Build.0 = Debug|Any CPU
		{34B05ABD-71BE-401B-8037-E549D55F8BAC}.Release|Any CPU.ActiveCfg = Release|Any CPU
		{34B05ABD-71BE-401B-8037-E549D55F8BAC}.Release|Any CPU.Build.0 = Release|Any CPU
		{81BEAAE3-D585-4190-BBDD-D0E194D16648}.Debug|Any CPU.ActiveCfg = Debug|Any CPU
		{81BEAAE3-D585-4190-BBDD-D0E194D16648}.Debug|Any CPU.Build.0 = Debug|Any CPU
		{81BEAAE3-D585-4190-BBDD-D0E194D16648}.Release|Any CPU.ActiveCfg = Release|Any CPU
		{81BEAAE3-D585-4190-BBDD-D0E194D16648}.Release|Any CPU.Build.0 = Release|Any CPU
		{876BEF10-4C48-4AFE-A266-BD8B653CF8EF}.Debug|Any CPU.ActiveCfg = Debug|Any CPU
		{876BEF10-4C48-4AFE-A266-BD8B653CF8EF}.Debug|Any CPU.Build.0 = Debug|Any CPU
		{876BEF10-4C48-4AFE-A266-BD8B653CF8EF}.Release|Any CPU.ActiveCfg = Release|Any CPU
		{876BEF10-4C48-4AFE-A266-BD8B653CF8EF}.Release|Any CPU.Build.0 = Release|Any CPU
	EndGlobalSection
	GlobalSection(SolutionProperties) = preSolution
		HideSolutionNode = FALSE
	EndGlobalSection
	GlobalSection(ExtensibilityGlobals) = postSolution
		SolutionGuid = {6C1238AF-BC67-46B7-9933-2E4B872AB948}
	EndGlobalSection
EndGlobal
